// !$*UTF8*$!
{
	archiveVersion = 1;
	classes = {
	};
	objectVersion = 46;
	objects = {

/* Begin PBXBuildFile section */
		00ABAB49188CE95800691701 /* Foundation.framework in Frameworks */ = {isa = PBXBuildFile; fileRef = 00ABAB48188CE95800691701 /* Foundation.framework */; };
		00ABAB4B188CE95800691701 /* CoreGraphics.framework in Frameworks */ = {isa = PBXBuildFile; fileRef = 00ABAB4A188CE95800691701 /* CoreGraphics.framework */; };
		00ABAB4D188CE95800691701 /* UIKit.framework in Frameworks */ = {isa = PBXBuildFile; fileRef = 00ABAB4C188CE95800691701 /* UIKit.framework */; };
		00ABAB53188CE95800691701 /* InfoPlist.strings in Resources */ = {isa = PBXBuildFile; fileRef = 00ABAB51188CE95800691701 /* InfoPlist.strings */; };
		00ABAB55188CE95800691701 /* main.m in Sources */ = {isa = PBXBuildFile; fileRef = 00ABAB54188CE95800691701 /* main.m */; };
		00ABAB59188CE95800691701 /* AppDelegate.m in Sources */ = {isa = PBXBuildFile; fileRef = 00ABAB58188CE95800691701 /* AppDelegate.m */; };
		00ABAB5C188CE95800691701 /* Main.storyboard in Resources */ = {isa = PBXBuildFile; fileRef = 00ABAB5A188CE95800691701 /* Main.storyboard */; };
		00ABAB5F188CE95800691701 /* ViewController.m in Sources */ = {isa = PBXBuildFile; fileRef = 00ABAB5E188CE95800691701 /* ViewController.m */; };
		00ABAB61188CE95800691701 /* Images.xcassets in Resources */ = {isa = PBXBuildFile; fileRef = 00ABAB60188CE95800691701 /* Images.xcassets */; };
		00ABAB68188CE95800691701 /* XCTest.framework in Frameworks */ = {isa = PBXBuildFile; fileRef = 00ABAB67188CE95800691701 /* XCTest.framework */; };
		00ABAB69188CE95800691701 /* Foundation.framework in Frameworks */ = {isa = PBXBuildFile; fileRef = 00ABAB48188CE95800691701 /* Foundation.framework */; };
		00ABAB6A188CE95800691701 /* UIKit.framework in Frameworks */ = {isa = PBXBuildFile; fileRef = 00ABAB4C188CE95800691701 /* UIKit.framework */; };
		00ABAB72188CE95800691701 /* InfoPlist.strings in Resources */ = {isa = PBXBuildFile; fileRef = 00ABAB70188CE95800691701 /* InfoPlist.strings */; };
		00ABAB74188CE95800691701 /* APNTestTests.m in Sources */ = {isa = PBXBuildFile; fileRef = 00ABAB73188CE95800691701 /* APNTestTests.m */; };
/* End PBXBuildFile section */

/* Begin PBXContainerItemProxy section */
		00ABAB6B188CE95800691701 /* PBXContainerItemProxy */ = {
			isa = PBXContainerItemProxy;
			containerPortal = 00ABAB3D188CE95800691701 /* Project object */;
			proxyType = 1;
			remoteGlobalIDString = 00ABAB44188CE95800691701;
			remoteInfo = APNTest;
		};
/* End PBXContainerItemProxy section */

/* Begin PBXFileReference section */
		00ABAB45188CE95800691701 /* APNTest.app */ = {isa = PBXFileReference; explicitFileType = wrapper.application; includeInIndex = 0; path = APNTest.app; sourceTree = BUILT_PRODUCTS_DIR; };
		00ABAB48188CE95800691701 /* Foundation.framework */ = {isa = PBXFileReference; lastKnownFileType = wrapper.framework; name = Foundation.framework; path = System/Library/Frameworks/Foundation.framework; sourceTree = SDKROOT; };
		00ABAB4A188CE95800691701 /* CoreGraphics.framework */ = {isa = PBXFileReference; lastKnownFileType = wrapper.framework; name = CoreGraphics.framework; path = System/Library/Frameworks/CoreGraphics.framework; sourceTree = SDKROOT; };
		00ABAB4C188CE95800691701 /* UIKit.framework */ = {isa = PBXFileReference; lastKnownFileType = wrapper.framework; name = UIKit.framework; path = System/Library/Frameworks/UIKit.framework; sourceTree = SDKROOT; };
		00ABAB50188CE95800691701 /* APNTest-Info.plist */ = {isa = PBXFileReference; lastKnownFileType = text.plist.xml; path = "APNTest-Info.plist"; sourceTree = "<group>"; };
		00ABAB52188CE95800691701 /* en */ = {isa = PBXFileReference; lastKnownFileType = text.plist.strings; name = en; path = en.lproj/InfoPlist.strings; sourceTree = "<group>"; };
		00ABAB54188CE95800691701 /* main.m */ = {isa = PBXFileReference; lastKnownFileType = sourcecode.c.objc; path = main.m; sourceTree = "<group>"; };
		00ABAB56188CE95800691701 /* APNTest-Prefix.pch */ = {isa = PBXFileReference; lastKnownFileType = sourcecode.c.h; path = "APNTest-Prefix.pch"; sourceTree = "<group>"; };
		00ABAB57188CE95800691701 /* AppDelegate.h */ = {isa = PBXFileReference; lastKnownFileType = sourcecode.c.h; path = AppDelegate.h; sourceTree = "<group>"; };
		00ABAB58188CE95800691701 /* AppDelegate.m */ = {isa = PBXFileReference; lastKnownFileType = sourcecode.c.objc; path = AppDelegate.m; sourceTree = "<group>"; };
		00ABAB5B188CE95800691701 /* Base */ = {isa = PBXFileReference; lastKnownFileType = file.storyboard; name = Base; path = Base.lproj/Main.storyboard; sourceTree = "<group>"; };
		00ABAB5D188CE95800691701 /* ViewController.h */ = {isa = PBXFileReference; lastKnownFileType = sourcecode.c.h; path = ViewController.h; sourceTree = "<group>"; };
		00ABAB5E188CE95800691701 /* ViewController.m */ = {isa = PBXFileReference; lastKnownFileType = sourcecode.c.objc; path = ViewController.m; sourceTree = "<group>"; };
		00ABAB60188CE95800691701 /* Images.xcassets */ = {isa = PBXFileReference; lastKnownFileType = folder.assetcatalog; path = Images.xcassets; sourceTree = "<group>"; };
		00ABAB66188CE95800691701 /* APNTestTests.xctest */ = {isa = PBXFileReference; explicitFileType = wrapper.cfbundle; includeInIndex = 0; path = APNTestTests.xctest; sourceTree = BUILT_PRODUCTS_DIR; };
		00ABAB67188CE95800691701 /* XCTest.framework */ = {isa = PBXFileReference; lastKnownFileType = wrapper.framework; name = XCTest.framework; path = Library/Frameworks/XCTest.framework; sourceTree = DEVELOPER_DIR; };
		00ABAB6F188CE95800691701 /* APNTestTests-Info.plist */ = {isa = PBXFileReference; lastKnownFileType = text.plist.xml; path = "APNTestTests-Info.plist"; sourceTree = "<group>"; };
		00ABAB71188CE95800691701 /* en */ = {isa = PBXFileReference; lastKnownFileType = text.plist.strings; name = en; path = en.lproj/InfoPlist.strings; sourceTree = "<group>"; };
		00ABAB73188CE95800691701 /* APNTestTests.m */ = {isa = PBXFileReference; lastKnownFileType = sourcecode.c.objc; path = APNTestTests.m; sourceTree = "<group>"; };
/* End PBXFileReference section */

/* Begin PBXFrameworksBuildPhase section */
		00ABAB42188CE95800691701 /* Frameworks */ = {
			isa = PBXFrameworksBuildPhase;
			buildActionMask = 2147483647;
			files = (
				00ABAB4B188CE95800691701 /* CoreGraphics.framework in Frameworks */,
				00ABAB4D188CE95800691701 /* UIKit.framework in Frameworks */,
				00ABAB49188CE95800691701 /* Foundation.framework in Frameworks */,
			);
			runOnlyForDeploymentPostprocessing = 0;
		};
		00ABAB63188CE95800691701 /* Frameworks */ = {
			isa = PBXFrameworksBuildPhase;
			buildActionMask = 2147483647;
			files = (
				00ABAB68188CE95800691701 /* XCTest.framework in Frameworks */,
				00ABAB6A188CE95800691701 /* UIKit.framework in Frameworks */,
				00ABAB69188CE95800691701 /* Foundation.framework in Frameworks */,
			);
			runOnlyForDeploymentPostprocessing = 0;
		};
/* End PBXFrameworksBuildPhase section */

/* Begin PBXGroup section */
		00ABAB3C188CE95800691701 = {
			isa = PBXGroup;
			children = (
				00ABAB4E188CE95800691701 /* APNTest */,
				00ABAB6D188CE95800691701 /* APNTestTests */,
				00ABAB47188CE95800691701 /* Frameworks */,
				00ABAB46188CE95800691701 /* Products */,
			);
			sourceTree = "<group>";
		};
		00ABAB46188CE95800691701 /* Products */ = {
			isa = PBXGroup;
			children = (
				00ABAB45188CE95800691701 /* APNTest.app */,
				00ABAB66188CE95800691701 /* APNTestTests.xctest */,
			);
			name = Products;
			sourceTree = "<group>";
		};
		00ABAB47188CE95800691701 /* Frameworks */ = {
			isa = PBXGroup;
			children = (
				00ABAB48188CE95800691701 /* Foundation.framework */,
				00ABAB4A188CE95800691701 /* CoreGraphics.framework */,
				00ABAB4C188CE95800691701 /* UIKit.framework */,
				00ABAB67188CE95800691701 /* XCTest.framework */,
			);
			name = Frameworks;
			sourceTree = "<group>";
		};
		00ABAB4E188CE95800691701 /* APNTest */ = {
			isa = PBXGroup;
			children = (
				00ABAB57188CE95800691701 /* AppDelegate.h */,
				00ABAB58188CE95800691701 /* AppDelegate.m */,
				00ABAB5A188CE95800691701 /* Main.storyboard */,
				00ABAB5D188CE95800691701 /* ViewController.h */,
				00ABAB5E188CE95800691701 /* ViewController.m */,
				00ABAB60188CE95800691701 /* Images.xcassets */,
				00ABAB4F188CE95800691701 /* Supporting Files */,
			);
			path = APNTest;
			sourceTree = "<group>";
		};
		00ABAB4F188CE95800691701 /* Supporting Files */ = {
			isa = PBXGroup;
			children = (
				00ABAB50188CE95800691701 /* APNTest-Info.plist */,
				00ABAB51188CE95800691701 /* InfoPlist.strings */,
				00ABAB54188CE95800691701 /* main.m */,
				00ABAB56188CE95800691701 /* APNTest-Prefix.pch */,
			);
			name = "Supporting Files";
			sourceTree = "<group>";
		};
		00ABAB6D188CE95800691701 /* APNTestTests */ = {
			isa = PBXGroup;
			children = (
				00ABAB73188CE95800691701 /* APNTestTests.m */,
				00ABAB6E188CE95800691701 /* Supporting Files */,
			);
			path = APNTestTests;
			sourceTree = "<group>";
		};
		00ABAB6E188CE95800691701 /* Supporting Files */ = {
			isa = PBXGroup;
			children = (
				00ABAB6F188CE95800691701 /* APNTestTests-Info.plist */,
				00ABAB70188CE95800691701 /* InfoPlist.strings */,
			);
			name = "Supporting Files";
			sourceTree = "<group>";
		};
/* End PBXGroup section */

/* Begin PBXNativeTarget section */
		00ABAB44188CE95800691701 /* APNTest */ = {
			isa = PBXNativeTarget;
			buildConfigurationList = 00ABAB77188CE95800691701 /* Build configuration list for PBXNativeTarget "APNTest" */;
			buildPhases = (
				00ABAB41188CE95800691701 /* Sources */,
				00ABAB42188CE95800691701 /* Frameworks */,
				00ABAB43188CE95800691701 /* Resources */,
			);
			buildRules = (
			);
			dependencies = (
			);
			name = APNTest;
			productName = APNTest;
			productReference = 00ABAB45188CE95800691701 /* APNTest.app */;
			productType = "com.apple.product-type.application";
		};
		00ABAB65188CE95800691701 /* APNTestTests */ = {
			isa = PBXNativeTarget;
			buildConfigurationList = 00ABAB7A188CE95800691701 /* Build configuration list for PBXNativeTarget "APNTestTests" */;
			buildPhases = (
				00ABAB62188CE95800691701 /* Sources */,
				00ABAB63188CE95800691701 /* Frameworks */,
				00ABAB64188CE95800691701 /* Resources */,
			);
			buildRules = (
			);
			dependencies = (
				00ABAB6C188CE95800691701 /* PBXTargetDependency */,
			);
			name = APNTestTests;
			productName = APNTestTests;
			productReference = 00ABAB66188CE95800691701 /* APNTestTests.xctest */;
			productType = "com.apple.product-type.bundle.unit-test";
		};
/* End PBXNativeTarget section */

/* Begin PBXProject section */
		00ABAB3D188CE95800691701 /* Project object */ = {
			isa = PBXProject;
			attributes = {
				LastUpgradeCheck = 0500;
				ORGANIZATIONNAME = "SDT-1";
				TargetAttributes = {
					00ABAB44188CE95800691701 = {
						DevelopmentTeam = F4FT6M5A89;
					};
					00ABAB65188CE95800691701 = {
						TestTargetID = 00ABAB44188CE95800691701;
					};
				};
			};
			buildConfigurationList = 00ABAB40188CE95800691701 /* Build configuration list for PBXProject "APNTest" */;
			compatibilityVersion = "Xcode 3.2";
			developmentRegion = English;
			hasScannedForEncodings = 0;
			knownRegions = (
				en,
				Base,
			);
			mainGroup = 00ABAB3C188CE95800691701;
			productRefGroup = 00ABAB46188CE95800691701 /* Products */;
			projectDirPath = "";
			projectRoot = "";
			targets = (
				00ABAB44188CE95800691701 /* APNTest */,
				00ABAB65188CE95800691701 /* APNTestTests */,
			);
		};
/* End PBXProject section */

/* Begin PBXResourcesBuildPhase section */
		00ABAB43188CE95800691701 /* Resources */ = {
			isa = PBXResourcesBuildPhase;
			buildActionMask = 2147483647;
			files = (
				00ABAB61188CE95800691701 /* Images.xcassets in Resources */,
				00ABAB53188CE95800691701 /* InfoPlist.strings in Resources */,
				00ABAB5C188CE95800691701 /* Main.storyboard in Resources */,
			);
			runOnlyForDeploymentPostprocessing = 0;
		};
		00ABAB64188CE95800691701 /* Resources */ = {
			isa = PBXResourcesBuildPhase;
			buildActionMask = 2147483647;
			files = (
				00ABAB72188CE95800691701 /* InfoPlist.strings in Resources */,
			);
			runOnlyForDeploymentPostprocessing = 0;
		};
/* End PBXResourcesBuildPhase section */

/* Begin PBXSourcesBuildPhase section */
		00ABAB41188CE95800691701 /* Sources */ = {
			isa = PBXSourcesBuildPhase;
			buildActionMask = 2147483647;
			files = (
				00ABAB5F188CE95800691701 /* ViewController.m in Sources */,
				00ABAB59188CE95800691701 /* AppDelegate.m in Sources */,
				00ABAB55188CE95800691701 /* main.m in Sources */,
			);
			runOnlyForDeploymentPostprocessing = 0;
		};
		00ABAB62188CE95800691701 /* Sources */ = {
			isa = PBXSourcesBuildPhase;
			buildActionMask = 2147483647;
			files = (
				00ABAB74188CE95800691701 /* APNTestTests.m in Sources */,
			);
			runOnlyForDeploymentPostprocessing = 0;
		};
/* End PBXSourcesBuildPhase section */

/* Begin PBXTargetDependency section */
		00ABAB6C188CE95800691701 /* PBXTargetDependency */ = {
			isa = PBXTargetDependency;
			target = 00ABAB44188CE95800691701 /* APNTest */;
			targetProxy = 00ABAB6B188CE95800691701 /* PBXContainerItemProxy */;
		};
/* End PBXTargetDependency section */

/* Begin PBXVariantGroup section */
		00ABAB51188CE95800691701 /* InfoPlist.strings */ = {
			isa = PBXVariantGroup;
			children = (
				00ABAB52188CE95800691701 /* en */,
			);
			name = InfoPlist.strings;
			sourceTree = "<group>";
		};
		00ABAB5A188CE95800691701 /* Main.storyboard */ = {
			isa = PBXVariantGroup;
			children = (
				00ABAB5B188CE95800691701 /* Base */,
			);
			name = Main.storyboard;
			sourceTree = "<group>";
		};
		00ABAB70188CE95800691701 /* InfoPlist.strings */ = {
			isa = PBXVariantGroup;
			children = (
				00ABAB71188CE95800691701 /* en */,
			);
			name = InfoPlist.strings;
			sourceTree = "<group>";
		};
/* End PBXVariantGroup section */

/* Begin XCBuildConfiguration section */
		00ABAB75188CE95800691701 /* Debug */ = {
			isa = XCBuildConfiguration;
			buildSettings = {
				ALWAYS_SEARCH_USER_PATHS = NO;
				ARCHS = "$(ARCHS_STANDARD_INCLUDING_64_BIT)";
				CLANG_CXX_LANGUAGE_STANDARD = "gnu++0x";
				CLANG_CXX_LIBRARY = "libc++";
				CLANG_ENABLE_MODULES = YES;
				CLANG_ENABLE_OBJC_ARC = YES;
				CLANG_WARN_BOOL_CONVERSION = YES;
				CLANG_WARN_CONSTANT_CONVERSION = YES;
				CLANG_WARN_DIRECT_OBJC_ISA_USAGE = YES_ERROR;
				CLANG_WARN_EMPTY_BODY = YES;
				CLANG_WARN_ENUM_CONVERSION = YES;
				CLANG_WARN_INT_CONVERSION = YES;
				CLANG_WARN_OBJC_ROOT_CLASS = YES_ERROR;
				CLANG_WARN__DUPLICATE_METHOD_MATCH = YES;
				"CODE_SIGN_IDENTITY[sdk=iphoneos*]" = "iPhone Developer";
				COPY_PHASE_STRIP = NO;
				GCC_C_LANGUAGE_STANDARD = gnu99;
				GCC_DYNAMIC_NO_PIC = NO;
				GCC_OPTIMIZATION_LEVEL = 0;
				GCC_PREPROCESSOR_DEFINITIONS = (
					"DEBUG=1",
					"$(inherited)",
				);
				GCC_SYMBOLS_PRIVATE_EXTERN = NO;
				GCC_WARN_64_TO_32_BIT_CONVERSION = YES;
				GCC_WARN_ABOUT_RETURN_TYPE = YES_ERROR;
				GCC_WARN_UNDECLARED_SELECTOR = YES;
				GCC_WARN_UNINITIALIZED_AUTOS = YES;
				GCC_WARN_UNUSED_FUNCTION = YES;
				GCC_WARN_UNUSED_VARIABLE = YES;
				IPHONEOS_DEPLOYMENT_TARGET = 7.0;
				ONLY_ACTIVE_ARCH = YES;
				SDKROOT = iphoneos;
			};
			name = Debug;
		};
		00ABAB76188CE95800691701 /* Release */ = {
			isa = XCBuildConfiguration;
			buildSettings = {
				ALWAYS_SEARCH_USER_PATHS = NO;
				ARCHS = "$(ARCHS_STANDARD_INCLUDING_64_BIT)";
				CLANG_CXX_LANGUAGE_STANDARD = "gnu++0x";
				CLANG_CXX_LIBRARY = "libc++";
				CLANG_ENABLE_MODULES = YES;
				CLANG_ENABLE_OBJC_ARC = YES;
				CLANG_WARN_BOOL_CONVERSION = YES;
				CLANG_WARN_CONSTANT_CONVERSION = YES;
				CLANG_WARN_DIRECT_OBJC_ISA_USAGE = YES_ERROR;
				CLANG_WARN_EMPTY_BODY = YES;
				CLANG_WARN_ENUM_CONVERSION = YES;
				CLANG_WARN_INT_CONVERSION = YES;
				CLANG_WARN_OBJC_ROOT_CLASS = YES_ERROR;
				CLANG_WARN__DUPLICATE_METHOD_MATCH = YES;
				"CODE_SIGN_IDENTITY[sdk=iphoneos*]" = "iPhone Developer";
				COPY_PHASE_STRIP = YES;
				ENABLE_NS_ASSERTIONS = NO;
				GCC_C_LANGUAGE_STANDARD = gnu99;
				GCC_WARN_64_TO_32_BIT_CONVERSION = YES;
				GCC_WARN_ABOUT_RETURN_TYPE = YES_ERROR;
				GCC_WARN_UNDECLARED_SELECTOR = YES;
				GCC_WARN_UNINITIALIZED_AUTOS = YES;
				GCC_WARN_UNUSED_FUNCTION = YES;
				GCC_WARN_UNUSED_VARIABLE = YES;
				IPHONEOS_DEPLOYMENT_TARGET = 7.0;
				SDKROOT = iphoneos;
				VALIDATE_PRODUCT = YES;
			};
			name = Release;
		};
		00ABAB78188CE95800691701 /* Debug */ = {
			isa = XCBuildConfiguration;
			buildSettings = {
				ASSETCATALOG_COMPILER_APPICON_NAME = AppIcon;
				ASSETCATALOG_COMPILER_LAUNCHIMAGE_NAME = LaunchImage;
				CODE_SIGN_IDENTITY = "iPhone Developer: Yun-gi Chae (EQ2MGJBZK3)";
				"CODE_SIGN_IDENTITY[sdk=iphoneos*]" = "iPhone Developer: Yun-gi Chae (EQ2MGJBZK3)";
				GCC_PRECOMPILE_PREFIX_HEADER = YES;
				GCC_PREFIX_HEADER = "APNTest/APNTest-Prefix.pch";
				INFOPLIST_FILE = "APNTest/APNTest-Info.plist";
				PRODUCT_NAME = "$(TARGET_NAME)";
				PROVISIONING_PROFILE = "310B82DB-DEDE-4EF9-A899-32E07F8BAE0A";
				WRAPPER_EXTENSION = app;
			};
			name = Debug;
		};
		00ABAB79188CE95800691701 /* Release */ = {
			isa = XCBuildConfiguration;
			buildSettings = {
				ASSETCATALOG_COMPILER_APPICON_NAME = AppIcon;
				ASSETCATALOG_COMPILER_LAUNCHIMAGE_NAME = LaunchImage;
				CODE_SIGN_IDENTITY = "iPhone Developer: Yun-gi Chae (EQ2MGJBZK3)";
				"CODE_SIGN_IDENTITY[sdk=iphoneos*]" = "iPhone Developer";
				GCC_PRECOMPILE_PREFIX_HEADER = YES;
				GCC_PREFIX_HEADER = "APNTest/APNTest-Prefix.pch";
				INFOPLIST_FILE = "APNTest/APNTest-Info.plist";
				PRODUCT_NAME = "$(TARGET_NAME)";
				PROVISIONING_PROFILE = "";
				WRAPPER_EXTENSION = app;
			};
			name = Release;
		};
		00ABAB7B188CE95800691701 /* Debug */ = {
			isa = XCBuildConfiguration;
			buildSettings = {
				ARCHS = "$(ARCHS_STANDARD_INCLUDING_64_BIT)";
				BUNDLE_LOADER = "$(BUILT_PRODUCTS_DIR)/APNTest.app/APNTest";
				FRAMEWORK_SEARCH_PATHS = (
					"$(SDKROOT)/Developer/Library/Frameworks",
					"$(inherited)",
					"$(DEVELOPER_FRAMEWORKS_DIR)",
				);
				GCC_PRECOMPILE_PREFIX_HEADER = YES;
				GCC_PREFIX_HEADER = "APNTest/APNTest-Prefix.pch";
				GCC_PREPROCESSOR_DEFINITIONS = (
					"DEBUG=1",
					"$(inherited)",
				);
				INFOPLIST_FILE = "APNTestTests/APNTestTests-Info.plist";
				PRODUCT_NAME = "$(TARGET_NAME)";
				TEST_HOST = "$(BUNDLE_LOADER)";
				WRAPPER_EXTENSION = xctest;
			};
			name = Debug;
		};
		00ABAB7C188CE95800691701 /* Release */ = {
			isa = XCBuildConfiguration;
			buildSettings = {
				ARCHS = "$(ARCHS_STANDARD_INCLUDING_64_BIT)";
				BUNDLE_LOADER = "$(BUILT_PRODUCTS_DIR)/APNTest.app/APNTest";
				FRAMEWORK_SEARCH_PATHS = (
					"$(SDKROOT)/Developer/Library/Frameworks",
					"$(inherited)",
					"$(DEVELOPER_FRAMEWORKS_DIR)",
				);
				GCC_PRECOMPILE_PREFIX_HEADER = YES;
				GCC_PREFIX_HEADER = "APNTest/APNTest-Prefix.pch";
				INFOPLIST_FILE = "APNTestTests/APNTestTests-Info.plist";
				PRODUCT_NAME = "$(TARGET_NAME)";
				TEST_HOST = "$(BUNDLE_LOADER)";
				WRAPPER_EXTENSION = xctest;
			};
			name = Release;
		};
/* End XCBuildConfiguration section */

/* Begin XCConfigurationList section */
		00ABAB40188CE95800691701 /* Build configuration list for PBXProject "APNTest" */ = {
			isa = XCConfigurationList;
			buildConfigurations = (
				00ABAB75188CE95800691701 /* Debug */,
				00ABAB76188CE95800691701 /* Release */,
			);
			defaultConfigurationIsVisible = 0;
			defaultConfigurationName = Release;
		};
		00ABAB77188CE95800691701 /* Build configuration list for PBXNativeTarget "APNTest" */ = {
			isa = XCConfigurationList;
			buildConfigurations = (
				00ABAB78188CE95800691701 /* Debug */,
				00ABAB79188CE95800691701 /* Release */,
			);
			defaultConfigurationIsVisible = 0;
		};
		00ABAB7A188CE95800691701 /* Build configuration list for PBXNativeTarget "APNTestTests" */ = {
			isa = XCConfigurationList;
			buildConfigurations = (
				00ABAB7B188CE95800691701 /* Debug */,
				00ABAB7C188CE95800691701 /* Release */,
			);
			defaultConfigurationIsVisible = 0;
		};
/* End XCConfigurationList section */
	};
	rootObject = 00ABAB3D188CE95800691701 /* Project object */;
}
